
Microsoft Visual Studio Solution File, Format Version 12.00
# Visual Studio Version 17
VisualStudioVersion = 17.9.34714.143
MinimumVisualStudioVersion = 10.0.40219.1
Project("{FAE04EC0-301F-11D3-BF4B-00C04F79EFBC}") = "KlimEvenementenAPI", "KlimEvenementenAPI.csproj", "{E083B6AF-370E-473E-B253-5272959718BD}"
EndProject
Global
	GlobalSection(SolutionConfigurationPlatforms) = preSolution
		Debug|Any CPU = Debug|Any CPU
		Release|Any CPU = Release|Any CPU
	EndGlobalSection
	GlobalSection(ProjectConfigurationPlatforms) = postSolution
		{E083B6AF-370E-473E-B253-5272959718BD}.Debug|Any CPU.ActiveCfg = Debug|Any CPU
		{E083B6AF-370E-473E-B253-5272959718BD}.Debug|Any CPU.Build.0 = Debug|Any CPU
		{E083B6AF-370E-473E-B253-5272959718BD}.Release|Any CPU.ActiveCfg = Release|Any CPU
		{E083B6AF-370E-473E-B253-5272959718BD}.Release|Any CPU.Build.0 = Release|Any CPU
	EndGlobalSection
	GlobalSection(SolutionProperties) = preSolution
		HideSolutionNode = FALSE
	EndGlobalSection
	GlobalSection(ExtensibilityGlobals) = postSolution
		SolutionGuid = {CE43192E-A184-4538-8D4E-98463BFBA778}
	EndGlobalSection
EndGlobal
